
Microsoft Visual Studio Solution File, Format Version 12.00
# Visual Studio Version 17
VisualStudioVersion = 17.4.33122.133
MinimumVisualStudioVersion = 10.0.40219.1
Project("{FAE04EC0-301F-11D3-BF4B-00C04F79EFBC}") = "API-WEB", "API-WEB\API-WEB.csproj", "{EE4A4427-6644-427E-815E-DD6C79C26B2E}"
EndProject
Global
	GlobalSection(SolutionConfigurationPlatforms) = preSolution
		Debug|Any CPU = Debug|Any CPU
		Release|Any CPU = Release|Any CPU
	EndGlobalSection
	GlobalSection(ProjectConfigurationPlatforms) = postSolution
		{EE4A4427-6644-427E-815E-DD6C79C26B2E}.Debug|Any CPU.ActiveCfg = Debug|Any CPU
		{EE4A4427-6644-427E-815E-DD6C79C26B2E}.Debug|Any CPU.Build.0 = Debug|Any CPU
		{EE4A4427-6644-427E-815E-DD6C79C26B2E}.Release|Any CPU.ActiveCfg = Release|Any CPU
		{EE4A4427-6644-427E-815E-DD6C79C26B2E}.Release|Any CPU.Build.0 = Release|Any CPU
	EndGlobalSection
	GlobalSection(SolutionProperties) = preSolution
		HideSolutionNode = FALSE
	EndGlobalSection
	GlobalSection(ExtensibilityGlobals) = postSolution
		SolutionGuid = {1B3A19CB-B7EA-43FE-ABC8-75724D4D7792}
	EndGlobalSection
EndGlobal
